
Microsoft Visual Studio Solution File, Format Version 12.00
# Visual Studio Version 16
VisualStudioVersion = 16.0.31702.278
MinimumVisualStudioVersion = 10.0.40219.1
Project("{FAE04EC0-301F-11D3-BF4B-00C04F79EFBC}") = "Observer_del", "Observer_del\Observer_del.csproj", "{52289217-BCA2-496D-8093-A0CBFA27A363}"
EndProject
Project("{FAE04EC0-301F-11D3-BF4B-00C04F79EFBC}") = "ButtonClick", "ButtonClick\ButtonClick.csproj", "{5635F776-1AA7-4283-8939-E81A977A06C9}"
EndProject
Global
	GlobalSection(SolutionConfigurationPlatforms) = preSolution
		Debug|Any CPU = Debug|Any CPU
		Release|Any CPU = Release|Any CPU
	EndGlobalSection
	GlobalSection(ProjectConfigurationPlatforms) = postSolution
		{52289217-BCA2-496D-8093-A0CBFA27A363}.Debug|Any CPU.ActiveCfg = Debug|Any CPU
		{52289217-BCA2-496D-8093-A0CBFA27A363}.Debug|Any CPU.Build.0 = Debug|Any CPU
		{52289217-BCA2-496D-8093-A0CBFA27A363}.Release|Any CPU.ActiveCfg = Release|Any CPU
		{52289217-BCA2-496D-8093-A0CBFA27A363}.Release|Any CPU.Build.0 = Release|Any CPU
		{5635F776-1AA7-4283-8939-E81A977A06C9}.Debug|Any CPU.ActiveCfg = Debug|Any CPU
		{5635F776-1AA7-4283-8939-E81A977A06C9}.Debug|Any CPU.Build.0 = Debug|Any CPU
		{5635F776-1AA7-4283-8939-E81A977A06C9}.Release|Any CPU.ActiveCfg = Release|Any CPU
		{5635F776-1AA7-4283-8939-E81A977A06C9}.Release|Any CPU.Build.0 = Release|Any CPU
	EndGlobalSection
	GlobalSection(SolutionProperties) = preSolution
		HideSolutionNode = FALSE
	EndGlobalSection
	GlobalSection(ExtensibilityGlobals) = postSolution
		SolutionGuid = {801808C8-F079-47C1-8133-280561480B69}
	EndGlobalSection
EndGlobal
